PODS:
  - Flutter (1.0.0)
  - "permission_handler (5.0.1+1)":
    - Flutter
  - photo_gallery (0.0.1):
    - Flutter

DEPENDENCIES:
  - Flutter (from `Flutter`)
  - permission_handler (from `.symlinks/plugins/permission_handler/ios`)
  - photo_gallery (from `.symlinks/plugins/photo_gallery/ios`)

EXTERNAL SOURCES:
  Flutter:
    :path: Flutter
  permission_handler:
    :path: ".symlinks/plugins/permission_handler/ios"
  photo_gallery:
    :path: ".symlinks/plugins/photo_gallery/ios"

SPEC CHECKSUMS:
  Flutter: 0e3d915762c693b495b44d77113d4970485de6ec
  permission_handler: eac8e15b4a1a3fba55b761d19f3f4e6b005d15b6
  photo_gallery: 9f95e57747cd22c10676ece3660d1ffe6c603ee5

PODFILE CHECKSUM: c34e2287a9ccaa606aeceab922830efb9a6ff69a

COCOAPODS: 1.9.3
